{
  "name": "appchallenge",
  "lockfileVersion": 2,
  "requires": true,
  "packages": {
    "": {
      "dependencies": {
        "react-native-live-audio-stream": "^1.1.1"
      }
    },
    "node_modules/react-native-live-audio-stream": {
      "version": "1.1.1",
      "resolved": "https://registry.npmjs.org/react-native-live-audio-stream/-/react-native-live-audio-stream-1.1.1.tgz",
      "integrity": "sha512-Yk0O51hY7eFMUv1umYxGDs4SJVPHyhUX6uz4jI+GiowOwSqIzLLRNh03hJjCVZRFXTWLPCntqOKZ+N8fVAc6BQ=="
    }
  },
  "dependencies": {
    "react-native-live-audio-stream": {
      "version": "1.1.1",
      "resolved": "https://registry.npmjs.org/react-native-live-audio-stream/-/react-native-live-audio-stream-1.1.1.tgz",
      "integrity": "sha512-Yk0O51hY7eFMUv1umYxGDs4SJVPHyhUX6uz4jI+GiowOwSqIzLLRNh03hJjCVZRFXTWLPCntqOKZ+N8fVAc6BQ=="
    }
  }
}
